// !$*UTF8*$!
{
	archiveVersion = 1;
	classes = {
	};
	objectVersion = 56;
	objects = {

/* Begin PBXBuildFile section */
		96ADEBE8293886A700E036E1 /* AppDelegate.swift in Sources */ = {isa = PBXBuildFile; fileRef = 96ADEBE7293886A700E036E1 /* AppDelegate.swift */; };
		96ADEBEA293886A700E036E1 /* SceneDelegate.swift in Sources */ = {isa = PBXBuildFile; fileRef = 96ADEBE9293886A700E036E1 /* SceneDelegate.swift */; };
		96ADEBEC293886A700E036E1 /* ViewController.swift in Sources */ = {isa = PBXBuildFile; fileRef = 96ADEBEB293886A700E036E1 /* ViewController.swift */; };
		96ADEBEF293886A700E036E1 /* Main.storyboard in Resources */ = {isa = PBXBuildFile; fileRef = 96ADEBED293886A700E036E1 /* Main.storyboard */; };
		96ADEBF1293886AC00E036E1 /* Assets.xcassets in Resources */ = {isa = PBXBuildFile; fileRef = 96ADEBF0293886AC00E036E1 /* Assets.xcassets */; };
		96ADEBF4293886AC00E036E1 /* LaunchScreen.storyboard in Resources */ = {isa = PBXBuildFile; fileRef = 96ADEBF2293886AC00E036E1 /* LaunchScreen.storyboard */; };
		96ADEBFF293886AC00E036E1 /* FindPetTests.swift in Sources */ = {isa = PBXBuildFile; fileRef = 96ADEBFE293886AC00E036E1 /* FindPetTests.swift */; };
		96ADEC09293886AC00E036E1 /* FindPetUITests.swift in Sources */ = {isa = PBXBuildFile; fileRef = 96ADEC08293886AC00E036E1 /* FindPetUITests.swift */; };
		96ADEC0B293886AC00E036E1 /* FindPetUITestsLaunchTests.swift in Sources */ = {isa = PBXBuildFile; fileRef = 96ADEC0A293886AC00E036E1 /* FindPetUITestsLaunchTests.swift */; };
/* End PBXBuildFile section */

/* Begin PBXContainerItemProxy section */
		96ADEBFB293886AC00E036E1 /* PBXContainerItemProxy */ = {
			isa = PBXContainerItemProxy;
			containerPortal = 96ADEBDC293886A700E036E1 /* Project object */;
			proxyType = 1;
			remoteGlobalIDString = 96ADEBE3293886A700E036E1;
			remoteInfo = FindPet;
		};
		96ADEC05293886AC00E036E1 /* PBXContainerItemProxy */ = {
			isa = PBXContainerItemProxy;
			containerPortal = 96ADEBDC293886A700E036E1 /* Project object */;
			proxyType = 1;
			remoteGlobalIDString = 96ADEBE3293886A700E036E1;
			remoteInfo = FindPet;
		};
/* End PBXContainerItemProxy section */

/* Begin PBXFileReference section */
		96ADEBE4293886A700E036E1 /* FindPet.app */ = {isa = PBXFileReference; explicitFileType = wrapper.application; includeInIndex = 0; path = FindPet.app; sourceTree = BUILT_PRODUCTS_DIR; };
		96ADEBE7293886A700E036E1 /* AppDelegate.swift */ = {isa = PBXFileReference; lastKnownFileType = sourcecode.swift; path = AppDelegate.swift; sourceTree = "<group>"; };
		96ADEBE9293886A700E036E1 /* SceneDelegate.swift */ = {isa = PBXFileReference; lastKnownFileType = sourcecode.swift; path = SceneDelegate.swift; sourceTree = "<group>"; };
		96ADEBEB293886A700E036E1 /* ViewController.swift */ = {isa = PBXFileReference; lastKnownFileType = sourcecode.swift; path = ViewController.swift; sourceTree = "<group>"; };
		96ADEBEE293886A700E036E1 /* Base */ = {isa = PBXFileReference; lastKnownFileType = file.storyboard; name = Base; path = Base.lproj/Main.storyboard; sourceTree = "<group>"; };
		96ADEBF0293886AC00E036E1 /* Assets.xcassets */ = {isa = PBXFileReference; lastKnownFileType = folder.assetcatalog; path = Assets.xcassets; sourceTree = "<group>"; };
		96ADEBF3293886AC00E036E1 /* Base */ = {isa = PBXFileReference; lastKnownFileType = file.storyboard; name = Base; path = Base.lproj/LaunchScreen.storyboard; sourceTree = "<group>"; };
		96ADEBF5293886AC00E036E1 /* Info.plist */ = {isa = PBXFileReference; lastKnownFileType = text.plist.xml; path = Info.plist; sourceTree = "<group>"; };
		96ADEBFA293886AC00E036E1 /* FindPetTests.xctest */ = {isa = PBXFileReference; explicitFileType = wrapper.cfbundle; includeInIndex = 0; path = FindPetTests.xctest; sourceTree = BUILT_PRODUCTS_DIR; };
		96ADEBFE293886AC00E036E1 /* FindPetTests.swift */ = {isa = PBXFileReference; lastKnownFileType = sourcecode.swift; path = FindPetTests.swift; sourceTree = "<group>"; };
		96ADEC04293886AC00E036E1 /* FindPetUITests.xctest */ = {isa = PBXFileReference; explicitFileType = wrapper.cfbundle; includeInIndex = 0; path = FindPetUITests.xctest; sourceTree = BUILT_PRODUCTS_DIR; };
		96ADEC08293886AC00E036E1 /* FindPetUITests.swift */ = {isa = PBXFileReference; lastKnownFileType = sourcecode.swift; path = FindPetUITests.swift; sourceTree = "<group>"; };
		96ADEC0A293886AC00E036E1 /* FindPetUITestsLaunchTests.swift */ = {isa = PBXFileReference; lastKnownFileType = sourcecode.swift; path = FindPetUITestsLaunchTests.swift; sourceTree = "<group>"; };
/* End PBXFileReference section */

/* Begin PBXFrameworksBuildPhase section */
		96ADEBE1293886A700E036E1 /* Frameworks */ = {
			isa = PBXFrameworksBuildPhase;
			buildActionMask = 2147483647;
			files = (
			);
			runOnlyForDeploymentPostprocessing = 0;
		};
		96ADEBF7293886AC00E036E1 /* Frameworks */ = {
			isa = PBXFrameworksBuildPhase;
			buildActionMask = 2147483647;
			files = (
			);
			runOnlyForDeploymentPostprocessing = 0;
		};
		96ADEC01293886AC00E036E1 /* Frameworks */ = {
			isa = PBXFrameworksBuildPhase;
			buildActionMask = 2147483647;
			files = (
			);
			runOnlyForDeploymentPostprocessing = 0;
		};
/* End PBXFrameworksBuildPhase section */

/* Begin PBXGroup section */
		96ADEBDB293886A700E036E1 = {
			isa = PBXGroup;
			children = (
				96ADEBE6293886A700E036E1 /* FindPet */,
				96ADEBFD293886AC00E036E1 /* FindPetTests */,
				96ADEC07293886AC00E036E1 /* FindPetUITests */,
				96ADEBE5293886A700E036E1 /* Products */,
			);
			sourceTree = "<group>";
		};
		96ADEBE5293886A700E036E1 /* Products */ = {
			isa = PBXGroup;
			children = (
				96ADEBE4293886A700E036E1 /* FindPet.app */,
				96ADEBFA293886AC00E036E1 /* FindPetTests.xctest */,
				96ADEC04293886AC00E036E1 /* FindPetUITests.xctest */,
			);
			name = Products;
			sourceTree = "<group>";
		};
		96ADEBE6293886A700E036E1 /* FindPet */ = {
			isa = PBXGroup;
			children = (
				96ADEBE7293886A700E036E1 /* AppDelegate.swift */,
				96ADEBE9293886A700E036E1 /* SceneDelegate.swift */,
				96ADEBEB293886A700E036E1 /* ViewController.swift */,
				96ADEBED293886A700E036E1 /* Main.storyboard */,
				96ADEBF0293886AC00E036E1 /* Assets.xcassets */,
				96ADEBF2293886AC00E036E1 /* LaunchScreen.storyboard */,
				96ADEBF5293886AC00E036E1 /* Info.plist */,
			);
			path = FindPet;
			sourceTree = "<group>";
		};
		96ADEBFD293886AC00E036E1 /* FindPetTests */ = {
			isa = PBXGroup;
			children = (
				96ADEBFE293886AC00E036E1 /* FindPetTests.swift */,
			);
			path = FindPetTests;
			sourceTree = "<group>";
		};
		96ADEC07293886AC00E036E1 /* FindPetUITests */ = {
			isa = PBXGroup;
			children = (
				96ADEC08293886AC00E036E1 /* FindPetUITests.swift */,
				96ADEC0A293886AC00E036E1 /* FindPetUITestsLaunchTests.swift */,
			);
			path = FindPetUITests;
			sourceTree = "<group>";
		};
/* End PBXGroup section */

/* Begin PBXNativeTarget section */
		96ADEBE3293886A700E036E1 /* FindPet */ = {
			isa = PBXNativeTarget;
			buildConfigurationList = 96ADEC0E293886AC00E036E1 /* Build configuration list for PBXNativeTarget "FindPet" */;
			buildPhases = (
				96ADEBE0293886A700E036E1 /* Sources */,
				96ADEBE1293886A700E036E1 /* Frameworks */,
				96ADEBE2293886A700E036E1 /* Resources */,
			);
			buildRules = (
			);
			dependencies = (
			);
			name = FindPet;
			productName = FindPet;
			productReference = 96ADEBE4293886A700E036E1 /* FindPet.app */;
			productType = "com.apple.product-type.application";
		};
		96ADEBF9293886AC00E036E1 /* FindPetTests */ = {
			isa = PBXNativeTarget;
			buildConfigurationList = 96ADEC11293886AC00E036E1 /* Build configuration list for PBXNativeTarget "FindPetTests" */;
			buildPhases = (
				96ADEBF6293886AC00E036E1 /* Sources */,
				96ADEBF7293886AC00E036E1 /* Frameworks */,
				96ADEBF8293886AC00E036E1 /* Resources */,
			);
			buildRules = (
			);
			dependencies = (
				96ADEBFC293886AC00E036E1 /* PBXTargetDependency */,
			);
			name = FindPetTests;
			productName = FindPetTests;
			productReference = 96ADEBFA293886AC00E036E1 /* FindPetTests.xctest */;
			productType = "com.apple.product-type.bundle.unit-test";
		};
		96ADEC03293886AC00E036E1 /* FindPetUITests */ = {
			isa = PBXNativeTarget;
			buildConfigurationList = 96ADEC14293886AC00E036E1 /* Build configuration list for PBXNativeTarget "FindPetUITests" */;
			buildPhases = (
				96ADEC00293886AC00E036E1 /* Sources */,
				96ADEC01293886AC00E036E1 /* Frameworks */,
				96ADEC02293886AC00E036E1 /* Resources */,
			);
			buildRules = (
			);
			dependencies = (
				96ADEC06293886AC00E036E1 /* PBXTargetDependency */,
			);
			name = FindPetUITests;
			productName = FindPetUITests;
			productReference = 96ADEC04293886AC00E036E1 /* FindPetUITests.xctest */;
			productType = "com.apple.product-type.bundle.ui-testing";
		};
/* End PBXNativeTarget section */

/* Begin PBXProject section */
		96ADEBDC293886A700E036E1 /* Project object */ = {
			isa = PBXProject;
			attributes = {
				BuildIndependentTargetsInParallel = 1;
				LastSwiftUpdateCheck = 1400;
				LastUpgradeCheck = 1400;
				TargetAttributes = {
					96ADEBE3293886A700E036E1 = {
						CreatedOnToolsVersion = 14.0.1;
					};
					96ADEBF9293886AC00E036E1 = {
						CreatedOnToolsVersion = 14.0.1;
						TestTargetID = 96ADEBE3293886A700E036E1;
					};
					96ADEC03293886AC00E036E1 = {
						CreatedOnToolsVersion = 14.0.1;
						TestTargetID = 96ADEBE3293886A700E036E1;
					};
				};
			};
			buildConfigurationList = 96ADEBDF293886A700E036E1 /* Build configuration list for PBXProject "FindPet" */;
			compatibilityVersion = "Xcode 14.0";
			developmentRegion = en;
			hasScannedForEncodings = 0;
			knownRegions = (
				en,
				Base,
			);
			mainGroup = 96ADEBDB293886A700E036E1;
			productRefGroup = 96ADEBE5293886A700E036E1 /* Products */;
			projectDirPath = "";
			projectRoot = "";
			targets = (
				96ADEBE3293886A700E036E1 /* FindPet */,
				96ADEBF9293886AC00E036E1 /* FindPetTests */,
				96ADEC03293886AC00E036E1 /* FindPetUITests */,
			);
		};
/* End PBXProject section */

/* Begin PBXResourcesBuildPhase section */
		96ADEBE2293886A700E036E1 /* Resources */ = {
			isa = PBXResourcesBuildPhase;
			buildActionMask = 2147483647;
			files = (
				96ADEBF4293886AC00E036E1 /* LaunchScreen.storyboard in Resources */,
				96ADEBF1293886AC00E036E1 /* Assets.xcassets in Resources */,
				96ADEBEF293886A700E036E1 /* Main.storyboard in Resources */,
			);
			runOnlyForDeploymentPostprocessing = 0;
		};
		96ADEBF8293886AC00E036E1 /* Resources */ = {
			isa = PBXResourcesBuildPhase;
			buildActionMask = 2147483647;
			files = (
			);
			runOnlyForDeploymentPostprocessing = 0;
		};
		96ADEC02293886AC00E036E1 /* Resources */ = {
			isa = PBXResourcesBuildPhase;
			buildActionMask = 2147483647;
			files = (
			);
			runOnlyForDeploymentPostprocessing = 0;
		};
/* End PBXResourcesBuildPhase section */

/* Begin PBXSourcesBuildPhase section */
		96ADEBE0293886A700E036E1 /* Sources */ = {
			isa = PBXSourcesBuildPhase;
			buildActionMask = 2147483647;
			files = (
				96ADEBEC293886A700E036E1 /* ViewController.swift in Sources */,
				96ADEBE8293886A700E036E1 /* AppDelegate.swift in Sources */,
				96ADEBEA293886A700E036E1 /* SceneDelegate.swift in Sources */,
			);
			runOnlyForDeploymentPostprocessing = 0;
		};
		96ADEBF6293886AC00E036E1 /* Sources */ = {
			isa = PBXSourcesBuildPhase;
			buildActionMask = 2147483647;
			files = (
				96ADEBFF293886AC00E036E1 /* FindPetTests.swift in Sources */,
			);
			runOnlyForDeploymentPostprocessing = 0;
		};
		96ADEC00293886AC00E036E1 /* Sources */ = {
			isa = PBXSourcesBuildPhase;
			buildActionMask = 2147483647;
			files = (
				96ADEC09293886AC00E036E1 /* FindPetUITests.swift in Sources */,
				96ADEC0B293886AC00E036E1 /* FindPetUITestsLaunchTests.swift in Sources */,
			);
			runOnlyForDeploymentPostprocessing = 0;
		};
/* End PBXSourcesBuildPhase section */

/* Begin PBXTargetDependency section */
		96ADEBFC293886AC00E036E1 /* PBXTargetDependency */ = {
			isa = PBXTargetDependency;
			target = 96ADEBE3293886A700E036E1 /* FindPet */;
			targetProxy = 96ADEBFB293886AC00E036E1 /* PBXContainerItemProxy */;
		};
		96ADEC06293886AC00E036E1 /* PBXTargetDependency */ = {
			isa = PBXTargetDependency;
			target = 96ADEBE3293886A700E036E1 /* FindPet */;
			targetProxy = 96ADEC05293886AC00E036E1 /* PBXContainerItemProxy */;
		};
/* End PBXTargetDependency section */

/* Begin PBXVariantGroup section */
		96ADEBED293886A700E036E1 /* Main.storyboard */ = {
			isa = PBXVariantGroup;
			children = (
				96ADEBEE293886A700E036E1 /* Base */,
			);
			name = Main.storyboard;
			sourceTree = "<group>";
		};
		96ADEBF2293886AC00E036E1 /* LaunchScreen.storyboard */ = {
			isa = PBXVariantGroup;
			children = (
				96ADEBF3293886AC00E036E1 /* Base */,
			);
			name = LaunchScreen.storyboard;
			sourceTree = "<group>";
		};
/* End PBXVariantGroup section */

/* Begin XCBuildConfiguration section */
		96ADEC0C293886AC00E036E1 /* Debug */ = {
			isa = XCBuildConfiguration;
			buildSettings = {
				ALWAYS_SEARCH_USER_PATHS = NO;
				CLANG_ANALYZER_NONNULL = YES;
				CLANG_ANALYZER_NUMBER_OBJECT_CONVERSION = YES_AGGRESSIVE;
				CLANG_CXX_LANGUAGE_STANDARD = "gnu++20";
				CLANG_ENABLE_MODULES = YES;
				CLANG_ENABLE_OBJC_ARC = YES;
				CLANG_ENABLE_OBJC_WEAK = YES;
				CLANG_WARN_BLOCK_CAPTURE_AUTORELEASING = YES;
				CLANG_WARN_BOOL_CONVERSION = YES;
				CLANG_WARN_COMMA = YES;
				CLANG_WARN_CONSTANT_CONVERSION = YES;
				CLANG_WARN_DEPRECATED_OBJC_IMPLEMENTATIONS = YES;
				CLANG_WARN_DIRECT_OBJC_ISA_USAGE = YES_ERROR;
				CLANG_WARN_DOCUMENTATION_COMMENTS = YES;
				CLANG_WARN_EMPTY_BODY = YES;
				CLANG_WARN_ENUM_CONVERSION = YES;
				CLANG_WARN_INFINITE_RECURSION = YES;
				CLANG_WARN_INT_CONVERSION = YES;
				CLANG_WARN_NON_LITERAL_NULL_CONVERSION = YES;
				CLANG_WARN_OBJC_IMPLICIT_RETAIN_SELF = YES;
				CLANG_WARN_OBJC_LITERAL_CONVERSION = YES;
				CLANG_WARN_OBJC_ROOT_CLASS = YES_ERROR;
				CLANG_WARN_QUOTED_INCLUDE_IN_FRAMEWORK_HEADER = YES;
				CLANG_WARN_RANGE_LOOP_ANALYSIS = YES;
				CLANG_WARN_STRICT_PROTOTYPES = YES;
				CLANG_WARN_SUSPICIOUS_MOVE = YES;
				CLANG_WARN_UNGUARDED_AVAILABILITY = YES_AGGRESSIVE;
				CLANG_WARN_UNREACHABLE_CODE = YES;
				CLANG_WARN__DUPLICATE_METHOD_MATCH = YES;
				COPY_PHASE_STRIP = NO;
				DEBUG_INFORMATION_FORMAT = dwarf;
				ENABLE_STRICT_OBJC_MSGSEND = YES;
				ENABLE_TESTABILITY = YES;
				GCC_C_LANGUAGE_STANDARD = gnu11;
				GCC_DYNAMIC_NO_PIC = NO;
				GCC_NO_COMMON_BLOCKS = YES;
				GCC_OPTIMIZATION_LEVEL = 0;
				GCC_PREPROCESSOR_DEFINITIONS = (
					"DEBUG=1",
					"$(inherited)",
				);
				GCC_WARN_64_TO_32_BIT_CONVERSION = YES;
				GCC_WARN_ABOUT_RETURN_TYPE = YES_ERROR;
				GCC_WARN_UNDECLARED_SELECTOR = YES;
				GCC_WARN_UNINITIALIZED_AUTOS = YES_AGGRESSIVE;
				GCC_WARN_UNUSED_FUNCTION = YES;
				GCC_WARN_UNUSED_VARIABLE = YES;
				IPHONEOS_DEPLOYMENT_TARGET = 16.0;
				MTL_ENABLE_DEBUG_INFO = INCLUDE_SOURCE;
				MTL_FAST_MATH = YES;
				ONLY_ACTIVE_ARCH = YES;
				SDKROOT = iphoneos;
				SWIFT_ACTIVE_COMPILATION_CONDITIONS = DEBUG;
				SWIFT_OPTIMIZATION_LEVEL = "-Onone";
			};
			name = Debug;
		};
		96ADEC0D293886AC00E036E1 /* Release */ = {
			isa = XCBuildConfiguration;
			buildSettings = {
				ALWAYS_SEARCH_USER_PATHS = NO;
				CLANG_ANALYZER_NONNULL = YES;
				CLANG_ANALYZER_NUMBER_OBJECT_CONVERSION = YES_AGGRESSIVE;
				CLANG_CXX_LANGUAGE_STANDARD = "gnu++20";
				CLANG_ENABLE_MODULES = YES;
				CLANG_ENABLE_OBJC_ARC = YES;
				CLANG_ENABLE_OBJC_WEAK = YES;
				CLANG_WARN_BLOCK_CAPTURE_AUTORELEASING = YES;
				CLANG_WARN_BOOL_CONVERSION = YES;
				CLANG_WARN_COMMA = YES;
				CLANG_WARN_CONSTANT_CONVERSION = YES;
				CLANG_WARN_DEPRECATED_OBJC_IMPLEMENTATIONS = YES;
				CLANG_WARN_DIRECT_OBJC_ISA_USAGE = YES_ERROR;
				CLANG_WARN_DOCUMENTATION_COMMENTS = YES;
				CLANG_WARN_EMPTY_BODY = YES;
				CLANG_WARN_ENUM_CONVERSION = YES;
				CLANG_WARN_INFINITE_RECURSION = YES;
				CLANG_WARN_INT_CONVERSION = YES;
				CLANG_WARN_NON_LITERAL_NULL_CONVERSION = YES;
				CLANG_WARN_OBJC_IMPLICIT_RETAIN_SELF = YES;
				CLANG_WARN_OBJC_LITERAL_CONVERSION = YES;
				CLANG_WARN_OBJC_ROOT_CLASS = YES_ERROR;
				CLANG_WARN_QUOTED_INCLUDE_IN_FRAMEWORK_HEADER = YES;
				CLANG_WARN_RANGE_LOOP_ANALYSIS = YES;
				CLANG_WARN_STRICT_PROTOTYPES = YES;
				CLANG_WARN_SUSPICIOUS_MOVE = YES;
				CLANG_WARN_UNGUARDED_AVAILABILITY = YES_AGGRESSIVE;
				CLANG_WARN_UNREACHABLE_CODE = YES;
				CLANG_WARN__DUPLICATE_METHOD_MATCH = YES;
				COPY_PHASE_STRIP = NO;
				DEBUG_INFORMATION_FORMAT = "dwarf-with-dsym";
				ENABLE_NS_ASSERTIONS = NO;
				ENABLE_STRICT_OBJC_MSGSEND = YES;
				GCC_C_LANGUAGE_STANDARD = gnu11;
				GCC_NO_COMMON_BLOCKS = YES;
				GCC_WARN_64_TO_32_BIT_CONVERSION = YES;
				GCC_WARN_ABOUT_RETURN_TYPE = YES_ERROR;
				GCC_WARN_UNDECLARED_SELECTOR = YES;
				GCC_WARN_UNINITIALIZED_AUTOS = YES_AGGRESSIVE;
				GCC_WARN_UNUSED_FUNCTION = YES;
				GCC_WARN_UNUSED_VARIABLE = YES;
				IPHONEOS_DEPLOYMENT_TARGET = 16.0;
				MTL_ENABLE_DEBUG_INFO = NO;
				MTL_FAST_MATH = YES;
				SDKROOT = iphoneos;
				SWIFT_COMPILATION_MODE = wholemodule;
				SWIFT_OPTIMIZATION_LEVEL = "-O";
				VALIDATE_PRODUCT = YES;
			};
			name = Release;
		};
		96ADEC0F293886AC00E036E1 /* Debug */ = {
			isa = XCBuildConfiguration;
			buildSettings = {
				ASSETCATALOG_COMPILER_APPICON_NAME = AppIcon;
				ASSETCATALOG_COMPILER_GLOBAL_ACCENT_COLOR_NAME = AccentColor;
				CODE_SIGN_STYLE = Automatic;
				CURRENT_PROJECT_VERSION = 1;
				DEVELOPMENT_TEAM = 8K4KVU9S56;
				GENERATE_INFOPLIST_FILE = YES;
				INFOPLIST_FILE = FindPet/Info.plist;
				INFOPLIST_KEY_UIApplicationSupportsIndirectInputEvents = YES;
				INFOPLIST_KEY_UILaunchStoryboardName = LaunchScreen;
				INFOPLIST_KEY_UIMainStoryboardFile = Main;
				INFOPLIST_KEY_UISupportedInterfaceOrientations_iPad = "UIInterfaceOrientationPortrait UIInterfaceOrientationPortraitUpsideDown UIInterfaceOrientationLandscapeLeft UIInterfaceOrientationLandscapeRight";
				INFOPLIST_KEY_UISupportedInterfaceOrientations_iPhone = "UIInterfaceOrientationPortrait UIInterfaceOrientationLandscapeLeft UIInterfaceOrientationLandscapeRight";
				LD_RUNPATH_SEARCH_PATHS = (
					"$(inherited)",
					"@executable_path/Frameworks",
				);
				MARKETING_VERSION = 1.0;
				PRODUCT_BUNDLE_IDENTIFIER = com.song.FindPet;
				PRODUCT_NAME = "$(TARGET_NAME)";
				SWIFT_EMIT_LOC_STRINGS = YES;
				SWIFT_VERSION = 5.0;
				TARGETED_DEVICE_FAMILY = "1,2";
			};
			name = Debug;
		};
		96ADEC10293886AC00E036E1 /* Release */ = {
			isa = XCBuildConfiguration;
			buildSettings = {
				ASSETCATALOG_COMPILER_APPICON_NAME = AppIcon;
				ASSETCATALOG_COMPILER_GLOBAL_ACCENT_COLOR_NAME = AccentColor;
				CODE_SIGN_STYLE = Automatic;
				CURRENT_PROJECT_VERSION = 1;
				DEVELOPMENT_TEAM = 8K4KVU9S56;
				GENERATE_INFOPLIST_FILE = YES;
				INFOPLIST_FILE = FindPet/Info.plist;
				INFOPLIST_KEY_UIApplicationSupportsIndirectInputEvents = YES;
				INFOPLIST_KEY_UILaunchStoryboardName = LaunchScreen;
				INFOPLIST_KEY_UIMainStoryboardFile = Main;
				INFOPLIST_KEY_UISupportedInterfaceOrientations_iPad = "UIInterfaceOrientationPortrait UIInterfaceOrientationPortraitUpsideDown UIInterfaceOrientationLandscapeLeft UIInterfaceOrientationLandscapeRight";
				INFOPLIST_KEY_UISupportedInterfaceOrientations_iPhone = "UIInterfaceOrientationPortrait UIInterfaceOrientationLandscapeLeft UIInterfaceOrientationLandscapeRight";
				LD_RUNPATH_SEARCH_PATHS = (
					"$(inherited)",
					"@executable_path/Frameworks",
				);
				MARKETING_VERSION = 1.0;
				PRODUCT_BUNDLE_IDENTIFIER = com.song.FindPet;
				PRODUCT_NAME = "$(TARGET_NAME)";
				SWIFT_EMIT_LOC_STRINGS = YES;
				SWIFT_VERSION = 5.0;
				TARGETED_DEVICE_FAMILY = "1,2";
			};
			name = Release;
		};
		96ADEC12293886AC00E036E1 /* Debug */ = {
			isa = XCBuildConfiguration;
			buildSettings = {
				ALWAYS_EMBED_SWIFT_STANDARD_LIBRARIES = YES;
				BUNDLE_LOADER = "$(TEST_HOST)";
				CODE_SIGN_STYLE = Automatic;
				CURRENT_PROJECT_VERSION = 1;
				DEVELOPMENT_TEAM = 8K4KVU9S56;
				GENERATE_INFOPLIST_FILE = YES;
				IPHONEOS_DEPLOYMENT_TARGET = 16.0;
				MARKETING_VERSION = 1.0;
				PRODUCT_BUNDLE_IDENTIFIER = com.song.FindPetTests;
				PRODUCT_NAME = "$(TARGET_NAME)";
				SWIFT_EMIT_LOC_STRINGS = NO;
				SWIFT_VERSION = 5.0;
				TARGETED_DEVICE_FAMILY = "1,2";
				TEST_HOST = "$(BUILT_PRODUCTS_DIR)/FindPet.app/$(BUNDLE_EXECUTABLE_FOLDER_PATH)/FindPet";
			};
			name = Debug;
		};
		96ADEC13293886AC00E036E1 /* Release */ = {
			isa = XCBuildConfiguration;
			buildSettings = {
				ALWAYS_EMBED_SWIFT_STANDARD_LIBRARIES = YES;
				BUNDLE_LOADER = "$(TEST_HOST)";
				CODE_SIGN_STYLE = Automatic;
				CURRENT_PROJECT_VERSION = 1;
				DEVELOPMENT_TEAM = 8K4KVU9S56;
				GENERATE_INFOPLIST_FILE = YES;
				IPHONEOS_DEPLOYMENT_TARGET = 16.0;
				MARKETING_VERSION = 1.0;
				PRODUCT_BUNDLE_IDENTIFIER = com.song.FindPetTests;
				PRODUCT_NAME = "$(TARGET_NAME)";
				SWIFT_EMIT_LOC_STRINGS = NO;
				SWIFT_VERSION = 5.0;
				TARGETED_DEVICE_FAMILY = "1,2";
				TEST_HOST = "$(BUILT_PRODUCTS_DIR)/FindPet.app/$(BUNDLE_EXECUTABLE_FOLDER_PATH)/FindPet";
			};
			name = Release;
		};
		96ADEC15293886AC00E036E1 /* Debug */ = {
			isa = XCBuildConfiguration;
			buildSettings = {
				ALWAYS_EMBED_SWIFT_STANDARD_LIBRARIES = YES;
				CODE_SIGN_STYLE = Automatic;
				CURRENT_PROJECT_VERSION = 1;
				DEVELOPMENT_TEAM = 8K4KVU9S56;
				GENERATE_INFOPLIST_FILE = YES;
				MARKETING_VERSION = 1.0;
				PRODUCT_BUNDLE_IDENTIFIER = com.song.FindPetUITests;
				PRODUCT_NAME = "$(TARGET_NAME)";
				SWIFT_EMIT_LOC_STRINGS = NO;
				SWIFT_VERSION = 5.0;
				TARGETED_DEVICE_FAMILY = "1,2";
				TEST_TARGET_NAME = FindPet;
			};
			name = Debug;
		};
		96ADEC16293886AC00E036E1 /* Release */ = {
			isa = XCBuildConfiguration;
			buildSettings = {
				ALWAYS_EMBED_SWIFT_STANDARD_LIBRARIES = YES;
				CODE_SIGN_STYLE = Automatic;
				CURRENT_PROJECT_VERSION = 1;
				DEVELOPMENT_TEAM = 8K4KVU9S56;
				GENERATE_INFOPLIST_FILE = YES;
				MARKETING_VERSION = 1.0;
				PRODUCT_BUNDLE_IDENTIFIER = com.song.FindPetUITests;
				PRODUCT_NAME = "$(TARGET_NAME)";
				SWIFT_EMIT_LOC_STRINGS = NO;
				SWIFT_VERSION = 5.0;
				TARGETED_DEVICE_FAMILY = "1,2";
				TEST_TARGET_NAME = FindPet;
			};
			name = Release;
		};
/* End XCBuildConfiguration section */

/* Begin XCConfigurationList section */
		96ADEBDF293886A700E036E1 /* Build configuration list for PBXProject "FindPet" */ = {
			isa = XCConfigurationList;
			buildConfigurations = (
				96ADEC0C293886AC00E036E1 /* Debug */,
				96ADEC0D293886AC00E036E1 /* Release */,
			);
			defaultConfigurationIsVisible = 0;
			defaultConfigurationName = Release;
		};
		96ADEC0E293886AC00E036E1 /* Build configuration list for PBXNativeTarget "FindPet" */ = {
			isa = XCConfigurationList;
			buildConfigurations = (
				96ADEC0F293886AC00E036E1 /* Debug */,
				96ADEC10293886AC00E036E1 /* Release */,
			);
			defaultConfigurationIsVisible = 0;
			defaultConfigurationName = Release;
		};
		96ADEC11293886AC00E036E1 /* Build configuration list for PBXNativeTarget "FindPetTests" */ = {
			isa = XCConfigurationList;
			buildConfigurations = (
				96ADEC12293886AC00E036E1 /* Debug */,
				96ADEC13293886AC00E036E1 /* Release */,
			);
			defaultConfigurationIsVisible = 0;
			defaultConfigurationName = Release;
		};
		96ADEC14293886AC00E036E1 /* Build configuration list for PBXNativeTarget "FindPetUITests" */ = {
			isa = XCConfigurationList;
			buildConfigurations = (
				96ADEC15293886AC00E036E1 /* Debug */,
				96ADEC16293886AC00E036E1 /* Release */,
			);
			defaultConfigurationIsVisible = 0;
			defaultConfigurationName = Release;
		};
/* End XCConfigurationList section */
	};
	rootObject = 96ADEBDC293886A700E036E1 /* Project object */;
}
