// !$*UTF8*$!
{
	archiveVersion = 1;
	classes = {
	};
	objectVersion = 56;
	objects = {

/* Begin PBXBuildFile section */
		195ACB271CEC90AE23FD0266 /* Pods_Dogking.framework in Frameworks */ = {isa = PBXBuildFile; fileRef = 6138C21D904B8A79245D8D32 /* Pods_Dogking.framework */; };
		96ADEBE8293886A700E036E1 /* AppDelegate.swift in Sources */ = {isa = PBXBuildFile; fileRef = 96ADEBE7293886A700E036E1 /* AppDelegate.swift */; };
		96ADEBEA293886A700E036E1 /* SceneDelegate.swift in Sources */ = {isa = PBXBuildFile; fileRef = 96ADEBE9293886A700E036E1 /* SceneDelegate.swift */; };
		96ADEBEC293886A700E036E1 /* ViewController.swift in Sources */ = {isa = PBXBuildFile; fileRef = 96ADEBEB293886A700E036E1 /* ViewController.swift */; };
		96ADEBF1293886AC00E036E1 /* Assets.xcassets in Resources */ = {isa = PBXBuildFile; fileRef = 96ADEBF0293886AC00E036E1 /* Assets.xcassets */; };
		96ADEBF4293886AC00E036E1 /* LaunchScreen.storyboard in Resources */ = {isa = PBXBuildFile; fileRef = 96ADEBF2293886AC00E036E1 /* LaunchScreen.storyboard */; };
		96D72BCD293CB11E005C2DCC /* CardView.swift in Sources */ = {isa = PBXBuildFile; fileRef = 96D72BCC293CB11E005C2DCC /* CardView.swift */; };
/* End PBXBuildFile section */

/* Begin PBXFileReference section */
		6138C21D904B8A79245D8D32 /* Pods_Dogking.framework */ = {isa = PBXFileReference; explicitFileType = wrapper.framework; includeInIndex = 0; path = Pods_Dogking.framework; sourceTree = BUILT_PRODUCTS_DIR; };
		925219DF46CFE6FD7AEF8E34 /* Pods-Dogking.debug.xcconfig */ = {isa = PBXFileReference; includeInIndex = 1; lastKnownFileType = text.xcconfig; name = "Pods-Dogking.debug.xcconfig"; path = "Target Support Files/Pods-Dogking/Pods-Dogking.debug.xcconfig"; sourceTree = "<group>"; };
		96ADEBE4293886A700E036E1 /* Dogking.app */ = {isa = PBXFileReference; explicitFileType = wrapper.application; includeInIndex = 0; path = Dogking.app; sourceTree = BUILT_PRODUCTS_DIR; };
		96ADEBE7293886A700E036E1 /* AppDelegate.swift */ = {isa = PBXFileReference; lastKnownFileType = sourcecode.swift; path = AppDelegate.swift; sourceTree = "<group>"; };
		96ADEBE9293886A700E036E1 /* SceneDelegate.swift */ = {isa = PBXFileReference; lastKnownFileType = sourcecode.swift; path = SceneDelegate.swift; sourceTree = "<group>"; };
		96ADEBEB293886A700E036E1 /* ViewController.swift */ = {isa = PBXFileReference; lastKnownFileType = sourcecode.swift; path = ViewController.swift; sourceTree = "<group>"; };
		96ADEBF0293886AC00E036E1 /* Assets.xcassets */ = {isa = PBXFileReference; lastKnownFileType = folder.assetcatalog; path = Assets.xcassets; sourceTree = "<group>"; };
		96ADEBF3293886AC00E036E1 /* Base */ = {isa = PBXFileReference; lastKnownFileType = file.storyboard; name = Base; path = Base.lproj/LaunchScreen.storyboard; sourceTree = "<group>"; };
		96D72BCC293CB11E005C2DCC /* CardView.swift */ = {isa = PBXFileReference; lastKnownFileType = sourcecode.swift; path = CardView.swift; sourceTree = "<group>"; };
		96D72BD62946FACA005C2DCC /* Info.plist */ = {isa = PBXFileReference; fileEncoding = 4; lastKnownFileType = text.plist.xml; name = Info.plist; path = ../../../../../Desktop/Info.plist; sourceTree = "<group>"; };
		E059C24F3B085EF3EE0F0468 /* Pods-Dogking.release.xcconfig */ = {isa = PBXFileReference; includeInIndex = 1; lastKnownFileType = text.xcconfig; name = "Pods-Dogking.release.xcconfig"; path = "Target Support Files/Pods-Dogking/Pods-Dogking.release.xcconfig"; sourceTree = "<group>"; };
/* End PBXFileReference section */

/* Begin PBXFrameworksBuildPhase section */
		96ADEBE1293886A700E036E1 /* Frameworks */ = {
			isa = PBXFrameworksBuildPhase;
			buildActionMask = 2147483647;
			files = (
				195ACB271CEC90AE23FD0266 /* Pods_Dogking.framework in Frameworks */,
			);
			runOnlyForDeploymentPostprocessing = 0;
		};
/* End PBXFrameworksBuildPhase section */

/* Begin PBXGroup section */
		788A6879205FE7FD2A396749 /* Pods */ = {
			isa = PBXGroup;
			children = (
				925219DF46CFE6FD7AEF8E34 /* Pods-Dogking.debug.xcconfig */,
				E059C24F3B085EF3EE0F0468 /* Pods-Dogking.release.xcconfig */,
			);
			path = Pods;
			sourceTree = "<group>";
		};
		96ADEBDB293886A700E036E1 = {
			isa = PBXGroup;
			children = (
				96ADEBE6293886A700E036E1 /* Dogking */,
				96ADEBE5293886A700E036E1 /* Products */,
				788A6879205FE7FD2A396749 /* Pods */,
				D896FD8AE59EEC274AFE2DD6 /* Frameworks */,
			);
			sourceTree = "<group>";
		};
		96ADEBE5293886A700E036E1 /* Products */ = {
			isa = PBXGroup;
			children = (
				96ADEBE4293886A700E036E1 /* Dogking.app */,
			);
			name = Products;
			sourceTree = "<group>";
		};
		96ADEBE6293886A700E036E1 /* Dogking */ = {
			isa = PBXGroup;
			children = (
				96ADEBE7293886A700E036E1 /* AppDelegate.swift */,
				96ADEBE9293886A700E036E1 /* SceneDelegate.swift */,
				96ADEBEB293886A700E036E1 /* ViewController.swift */,
				96ADEBF0293886AC00E036E1 /* Assets.xcassets */,
				96ADEBF2293886AC00E036E1 /* LaunchScreen.storyboard */,
				96D72BD62946FACA005C2DCC /* Info.plist */,
				96D72BCC293CB11E005C2DCC /* CardView.swift */,
			);
			path = Dogking;
			sourceTree = "<group>";
		};
		D896FD8AE59EEC274AFE2DD6 /* Frameworks */ = {
			isa = PBXGroup;
			children = (
				6138C21D904B8A79245D8D32 /* Pods_Dogking.framework */,
			);
			name = Frameworks;
			sourceTree = "<group>";
		};
/* End PBXGroup section */

/* Begin PBXNativeTarget section */
		96ADEBE3293886A700E036E1 /* Dogking */ = {
			isa = PBXNativeTarget;
			buildConfigurationList = 96ADEC0E293886AC00E036E1 /* Build configuration list for PBXNativeTarget "Dogking" */;
			buildPhases = (
				4AA409A2D0C6DCF4033D1A02 /* [CP] Check Pods Manifest.lock */,
				96ADEBE0293886A700E036E1 /* Sources */,
				96ADEBE1293886A700E036E1 /* Frameworks */,
				96ADEBE2293886A700E036E1 /* Resources */,
				34B4D33C7F21BE6E53376793 /* [CP] Embed Pods Frameworks */,
			);
			buildRules = (
			);
			dependencies = (
			);
			name = Dogking;
			productName = FindPet;
			productReference = 96ADEBE4293886A700E036E1 /* Dogking.app */;
			productType = "com.apple.product-type.application";
		};
/* End PBXNativeTarget section */

/* Begin PBXProject section */
		96ADEBDC293886A700E036E1 /* Project object */ = {
			isa = PBXProject;
			attributes = {
				BuildIndependentTargetsInParallel = 1;
				LastSwiftUpdateCheck = 1400;
				LastUpgradeCheck = 1400;
				TargetAttributes = {
					96ADEBE3293886A700E036E1 = {
						CreatedOnToolsVersion = 14.0.1;
					};
				};
			};
			buildConfigurationList = 96ADEBDF293886A700E036E1 /* Build configuration list for PBXProject "Dogking" */;
			compatibilityVersion = "Xcode 14.0";
			developmentRegion = en;
			hasScannedForEncodings = 0;
			knownRegions = (
				en,
				Base,
			);
			mainGroup = 96ADEBDB293886A700E036E1;
			productRefGroup = 96ADEBE5293886A700E036E1 /* Products */;
			projectDirPath = "";
			projectRoot = "";
			targets = (
				96ADEBE3293886A700E036E1 /* Dogking */,
			);
		};
/* End PBXProject section */

/* Begin PBXResourcesBuildPhase section */
		96ADEBE2293886A700E036E1 /* Resources */ = {
			isa = PBXResourcesBuildPhase;
			buildActionMask = 2147483647;
			files = (
				96ADEBF4293886AC00E036E1 /* LaunchScreen.storyboard in Resources */,
				96ADEBF1293886AC00E036E1 /* Assets.xcassets in Resources */,
			);
			runOnlyForDeploymentPostprocessing = 0;
		};
/* End PBXResourcesBuildPhase section */

/* Begin PBXShellScriptBuildPhase section */
		34B4D33C7F21BE6E53376793 /* [CP] Embed Pods Frameworks */ = {
			isa = PBXShellScriptBuildPhase;
			buildActionMask = 2147483647;
			files = (
			);
			inputFileListPaths = (
				"${PODS_ROOT}/Target Support Files/Pods-Dogking/Pods-Dogking-frameworks-${CONFIGURATION}-input-files.xcfilelist",
			);
			name = "[CP] Embed Pods Frameworks";
			outputFileListPaths = (
				"${PODS_ROOT}/Target Support Files/Pods-Dogking/Pods-Dogking-frameworks-${CONFIGURATION}-output-files.xcfilelist",
			);
			runOnlyForDeploymentPostprocessing = 0;
			shellPath = /bin/sh;
			shellScript = "\"${PODS_ROOT}/Target Support Files/Pods-Dogking/Pods-Dogking-frameworks.sh\"\n";
			showEnvVarsInLog = 0;
		};
		4AA409A2D0C6DCF4033D1A02 /* [CP] Check Pods Manifest.lock */ = {
			isa = PBXShellScriptBuildPhase;
			buildActionMask = 2147483647;
			files = (
			);
			inputFileListPaths = (
			);
			inputPaths = (
				"${PODS_PODFILE_DIR_PATH}/Podfile.lock",
				"${PODS_ROOT}/Manifest.lock",
			);
			name = "[CP] Check Pods Manifest.lock";
			outputFileListPaths = (
			);
			outputPaths = (
				"$(DERIVED_FILE_DIR)/Pods-Dogking-checkManifestLockResult.txt",
			);
			runOnlyForDeploymentPostprocessing = 0;
			shellPath = /bin/sh;
			shellScript = "diff \"${PODS_PODFILE_DIR_PATH}/Podfile.lock\" \"${PODS_ROOT}/Manifest.lock\" > /dev/null\nif [ $? != 0 ] ; then\n    # print error to STDERR\n    echo \"error: The sandbox is not in sync with the Podfile.lock. Run 'pod install' or update your CocoaPods installation.\" >&2\n    exit 1\nfi\n# This output is used by Xcode 'outputs' to avoid re-running this script phase.\necho \"SUCCESS\" > \"${SCRIPT_OUTPUT_FILE_0}\"\n";
			showEnvVarsInLog = 0;
		};
/* End PBXShellScriptBuildPhase section */

/* Begin PBXSourcesBuildPhase section */
		96ADEBE0293886A700E036E1 /* Sources */ = {
			isa = PBXSourcesBuildPhase;
			buildActionMask = 2147483647;
			files = (
				96ADEBEC293886A700E036E1 /* ViewController.swift in Sources */,
				96ADEBE8293886A700E036E1 /* AppDelegate.swift in Sources */,
				96D72BCD293CB11E005C2DCC /* CardView.swift in Sources */,
				96ADEBEA293886A700E036E1 /* SceneDelegate.swift in Sources */,
			);
			runOnlyForDeploymentPostprocessing = 0;
		};
/* End PBXSourcesBuildPhase section */

/* Begin PBXVariantGroup section */
		96ADEBF2293886AC00E036E1 /* LaunchScreen.storyboard */ = {
			isa = PBXVariantGroup;
			children = (
				96ADEBF3293886AC00E036E1 /* Base */,
			);
			name = LaunchScreen.storyboard;
			sourceTree = "<group>";
		};
/* End PBXVariantGroup section */

/* Begin XCBuildConfiguration section */
		96ADEC0C293886AC00E036E1 /* Debug */ = {
			isa = XCBuildConfiguration;
			buildSettings = {
				ALWAYS_SEARCH_USER_PATHS = NO;
				CLANG_ANALYZER_NONNULL = YES;
				CLANG_ANALYZER_NUMBER_OBJECT_CONVERSION = YES_AGGRESSIVE;
				CLANG_CXX_LANGUAGE_STANDARD = "gnu++20";
				CLANG_ENABLE_MODULES = YES;
				CLANG_ENABLE_OBJC_ARC = YES;
				CLANG_ENABLE_OBJC_WEAK = YES;
				CLANG_WARN_BLOCK_CAPTURE_AUTORELEASING = YES;
				CLANG_WARN_BOOL_CONVERSION = YES;
				CLANG_WARN_COMMA = YES;
				CLANG_WARN_CONSTANT_CONVERSION = YES;
				CLANG_WARN_DEPRECATED_OBJC_IMPLEMENTATIONS = YES;
				CLANG_WARN_DIRECT_OBJC_ISA_USAGE = YES_ERROR;
				CLANG_WARN_DOCUMENTATION_COMMENTS = YES;
				CLANG_WARN_EMPTY_BODY = YES;
				CLANG_WARN_ENUM_CONVERSION = YES;
				CLANG_WARN_INFINITE_RECURSION = YES;
				CLANG_WARN_INT_CONVERSION = YES;
				CLANG_WARN_NON_LITERAL_NULL_CONVERSION = YES;
				CLANG_WARN_OBJC_IMPLICIT_RETAIN_SELF = YES;
				CLANG_WARN_OBJC_LITERAL_CONVERSION = YES;
				CLANG_WARN_OBJC_ROOT_CLASS = YES_ERROR;
				CLANG_WARN_QUOTED_INCLUDE_IN_FRAMEWORK_HEADER = YES;
				CLANG_WARN_RANGE_LOOP_ANALYSIS = YES;
				CLANG_WARN_STRICT_PROTOTYPES = YES;
				CLANG_WARN_SUSPICIOUS_MOVE = YES;
				CLANG_WARN_UNGUARDED_AVAILABILITY = YES_AGGRESSIVE;
				CLANG_WARN_UNREACHABLE_CODE = YES;
				CLANG_WARN__DUPLICATE_METHOD_MATCH = YES;
				COPY_PHASE_STRIP = NO;
				DEBUG_INFORMATION_FORMAT = dwarf;
				ENABLE_STRICT_OBJC_MSGSEND = YES;
				ENABLE_TESTABILITY = YES;
				GCC_C_LANGUAGE_STANDARD = gnu11;
				GCC_DYNAMIC_NO_PIC = NO;
				GCC_NO_COMMON_BLOCKS = YES;
				GCC_OPTIMIZATION_LEVEL = 0;
				GCC_PREPROCESSOR_DEFINITIONS = (
					"DEBUG=1",
					"$(inherited)",
				);
				GCC_WARN_64_TO_32_BIT_CONVERSION = YES;
				GCC_WARN_ABOUT_RETURN_TYPE = YES_ERROR;
				GCC_WARN_UNDECLARED_SELECTOR = YES;
				GCC_WARN_UNINITIALIZED_AUTOS = YES_AGGRESSIVE;
				GCC_WARN_UNUSED_FUNCTION = YES;
				GCC_WARN_UNUSED_VARIABLE = YES;
				IPHONEOS_DEPLOYMENT_TARGET = 16.0;
				MTL_ENABLE_DEBUG_INFO = INCLUDE_SOURCE;
				MTL_FAST_MATH = YES;
				ONLY_ACTIVE_ARCH = YES;
				SDKROOT = iphoneos;
				SWIFT_ACTIVE_COMPILATION_CONDITIONS = DEBUG;
				SWIFT_OPTIMIZATION_LEVEL = "-Onone";
			};
			name = Debug;
		};
		96ADEC0D293886AC00E036E1 /* Release */ = {
			isa = XCBuildConfiguration;
			buildSettings = {
				ALWAYS_SEARCH_USER_PATHS = NO;
				CLANG_ANALYZER_NONNULL = YES;
				CLANG_ANALYZER_NUMBER_OBJECT_CONVERSION = YES_AGGRESSIVE;
				CLANG_CXX_LANGUAGE_STANDARD = "gnu++20";
				CLANG_ENABLE_MODULES = YES;
				CLANG_ENABLE_OBJC_ARC = YES;
				CLANG_ENABLE_OBJC_WEAK = YES;
				CLANG_WARN_BLOCK_CAPTURE_AUTORELEASING = YES;
				CLANG_WARN_BOOL_CONVERSION = YES;
				CLANG_WARN_COMMA = YES;
				CLANG_WARN_CONSTANT_CONVERSION = YES;
				CLANG_WARN_DEPRECATED_OBJC_IMPLEMENTATIONS = YES;
				CLANG_WARN_DIRECT_OBJC_ISA_USAGE = YES_ERROR;
				CLANG_WARN_DOCUMENTATION_COMMENTS = YES;
				CLANG_WARN_EMPTY_BODY = YES;
				CLANG_WARN_ENUM_CONVERSION = YES;
				CLANG_WARN_INFINITE_RECURSION = YES;
				CLANG_WARN_INT_CONVERSION = YES;
				CLANG_WARN_NON_LITERAL_NULL_CONVERSION = YES;
				CLANG_WARN_OBJC_IMPLICIT_RETAIN_SELF = YES;
				CLANG_WARN_OBJC_LITERAL_CONVERSION = YES;
				CLANG_WARN_OBJC_ROOT_CLASS = YES_ERROR;
				CLANG_WARN_QUOTED_INCLUDE_IN_FRAMEWORK_HEADER = YES;
				CLANG_WARN_RANGE_LOOP_ANALYSIS = YES;
				CLANG_WARN_STRICT_PROTOTYPES = YES;
				CLANG_WARN_SUSPICIOUS_MOVE = YES;
				CLANG_WARN_UNGUARDED_AVAILABILITY = YES_AGGRESSIVE;
				CLANG_WARN_UNREACHABLE_CODE = YES;
				CLANG_WARN__DUPLICATE_METHOD_MATCH = YES;
				COPY_PHASE_STRIP = NO;
				DEBUG_INFORMATION_FORMAT = "dwarf-with-dsym";
				ENABLE_NS_ASSERTIONS = NO;
				ENABLE_STRICT_OBJC_MSGSEND = YES;
				GCC_C_LANGUAGE_STANDARD = gnu11;
				GCC_NO_COMMON_BLOCKS = YES;
				GCC_WARN_64_TO_32_BIT_CONVERSION = YES;
				GCC_WARN_ABOUT_RETURN_TYPE = YES_ERROR;
				GCC_WARN_UNDECLARED_SELECTOR = YES;
				GCC_WARN_UNINITIALIZED_AUTOS = YES_AGGRESSIVE;
				GCC_WARN_UNUSED_FUNCTION = YES;
				GCC_WARN_UNUSED_VARIABLE = YES;
				IPHONEOS_DEPLOYMENT_TARGET = 16.0;
				MTL_ENABLE_DEBUG_INFO = NO;
				MTL_FAST_MATH = YES;
				SDKROOT = iphoneos;
				SWIFT_COMPILATION_MODE = wholemodule;
				SWIFT_OPTIMIZATION_LEVEL = "-O";
				VALIDATE_PRODUCT = YES;
			};
			name = Release;
		};
		96ADEC0F293886AC00E036E1 /* Debug */ = {
			isa = XCBuildConfiguration;
			baseConfigurationReference = 925219DF46CFE6FD7AEF8E34 /* Pods-Dogking.debug.xcconfig */;
			buildSettings = {
				ASSETCATALOG_COMPILER_APPICON_NAME = AppIcon;
				ASSETCATALOG_COMPILER_GLOBAL_ACCENT_COLOR_NAME = AccentColor;
				CODE_SIGN_STYLE = Automatic;
				CURRENT_PROJECT_VERSION = 1;
				DEVELOPMENT_TEAM = 8K4KVU9S56;
				GENERATE_INFOPLIST_FILE = YES;
				INFOPLIST_FILE = Dogking/Info.plist;
				INFOPLIST_KEY_UIApplicationSupportsIndirectInputEvents = YES;
				INFOPLIST_KEY_UILaunchStoryboardName = LaunchScreen;
				INFOPLIST_KEY_UISupportedInterfaceOrientations_iPad = "UIInterfaceOrientationPortrait UIInterfaceOrientationPortraitUpsideDown UIInterfaceOrientationLandscapeLeft UIInterfaceOrientationLandscapeRight";
				INFOPLIST_KEY_UISupportedInterfaceOrientations_iPhone = "UIInterfaceOrientationPortrait UIInterfaceOrientationLandscapeLeft UIInterfaceOrientationLandscapeRight";
				LD_RUNPATH_SEARCH_PATHS = (
					"$(inherited)",
					"@executable_path/Frameworks",
				);
				MARKETING_VERSION = 1.0;
				PRODUCT_BUNDLE_IDENTIFIER = com.song.Dogking;
				PRODUCT_NAME = "$(TARGET_NAME)";
				SWIFT_EMIT_LOC_STRINGS = YES;
				SWIFT_VERSION = 5.0;
				TARGETED_DEVICE_FAMILY = "1,2";
			};
			name = Debug;
		};
		96ADEC10293886AC00E036E1 /* Release */ = {
			isa = XCBuildConfiguration;
			baseConfigurationReference = E059C24F3B085EF3EE0F0468 /* Pods-Dogking.release.xcconfig */;
			buildSettings = {
				ASSETCATALOG_COMPILER_APPICON_NAME = AppIcon;
				ASSETCATALOG_COMPILER_GLOBAL_ACCENT_COLOR_NAME = AccentColor;
				CODE_SIGN_STYLE = Automatic;
				CURRENT_PROJECT_VERSION = 1;
				DEVELOPMENT_TEAM = 8K4KVU9S56;
				GENERATE_INFOPLIST_FILE = YES;
				INFOPLIST_FILE = Dogking/Info.plist;
				INFOPLIST_KEY_UIApplicationSupportsIndirectInputEvents = YES;
				INFOPLIST_KEY_UILaunchStoryboardName = LaunchScreen;
				INFOPLIST_KEY_UISupportedInterfaceOrientations_iPad = "UIInterfaceOrientationPortrait UIInterfaceOrientationPortraitUpsideDown UIInterfaceOrientationLandscapeLeft UIInterfaceOrientationLandscapeRight";
				INFOPLIST_KEY_UISupportedInterfaceOrientations_iPhone = "UIInterfaceOrientationPortrait UIInterfaceOrientationLandscapeLeft UIInterfaceOrientationLandscapeRight";
				LD_RUNPATH_SEARCH_PATHS = (
					"$(inherited)",
					"@executable_path/Frameworks",
				);
				MARKETING_VERSION = 1.0;
				PRODUCT_BUNDLE_IDENTIFIER = com.song.Dogking;
				PRODUCT_NAME = "$(TARGET_NAME)";
				SWIFT_EMIT_LOC_STRINGS = YES;
				SWIFT_VERSION = 5.0;
				TARGETED_DEVICE_FAMILY = "1,2";
			};
			name = Release;
		};
/* End XCBuildConfiguration section */

/* Begin XCConfigurationList section */
		96ADEBDF293886A700E036E1 /* Build configuration list for PBXProject "Dogking" */ = {
			isa = XCConfigurationList;
			buildConfigurations = (
				96ADEC0C293886AC00E036E1 /* Debug */,
				96ADEC0D293886AC00E036E1 /* Release */,
			);
			defaultConfigurationIsVisible = 0;
			defaultConfigurationName = Release;
		};
		96ADEC0E293886AC00E036E1 /* Build configuration list for PBXNativeTarget "Dogking" */ = {
			isa = XCConfigurationList;
			buildConfigurations = (
				96ADEC0F293886AC00E036E1 /* Debug */,
				96ADEC10293886AC00E036E1 /* Release */,
			);
			defaultConfigurationIsVisible = 0;
			defaultConfigurationName = Release;
		};
/* End XCConfigurationList section */
	};
	rootObject = 96ADEBDC293886A700E036E1 /* Project object */;
}
